// !$*UTF8*$!
{
	archiveVersion = 1;
	classes = {
	};
	objectVersion = 50;
	objects = {

/* Begin PBXBuildFile section */
		D2CB991623E1A20400545D8A /* TodoItemCell.swift in Sources */ = {isa = PBXBuildFile; fileRef = D2CB991423E1A20400545D8A /* TodoItemCell.swift */; };
		D2CB991723E1A20400545D8A /* TodoItemCell.xib in Resources */ = {isa = PBXBuildFile; fileRef = D2CB991523E1A20400545D8A /* TodoItemCell.xib */; };
		D2CB991B23E1A4F400545D8A /* TodoItemModel.swift in Sources */ = {isa = PBXBuildFile; fileRef = D2CB991A23E1A4F400545D8A /* TodoItemModel.swift */; };
		D2CEE2B523DE0BCE00167551 /* AppDelegate.swift in Sources */ = {isa = PBXBuildFile; fileRef = D2CEE2B423DE0BCE00167551 /* AppDelegate.swift */; };
		D2CEE2B723DE0BCE00167551 /* TodoViewController.swift in Sources */ = {isa = PBXBuildFile; fileRef = D2CEE2B623DE0BCE00167551 /* TodoViewController.swift */; };
		D2CEE2BA23DE0BCE00167551 /* Main.storyboard in Resources */ = {isa = PBXBuildFile; fileRef = D2CEE2B823DE0BCE00167551 /* Main.storyboard */; };
		D2CEE2BC23DE0BD000167551 /* Assets.xcassets in Resources */ = {isa = PBXBuildFile; fileRef = D2CEE2BB23DE0BD000167551 /* Assets.xcassets */; };
		D2CEE2BF23DE0BD000167551 /* LaunchScreen.storyboard in Resources */ = {isa = PBXBuildFile; fileRef = D2CEE2BD23DE0BD000167551 /* LaunchScreen.storyboard */; };
		D2CEE2C823DE102300167551 /* TodoItemViewModel.swift in Sources */ = {isa = PBXBuildFile; fileRef = D2CEE2C723DE102300167551 /* TodoItemViewModel.swift */; };
/* End PBXBuildFile section */

/* Begin PBXFileReference section */
		D2CB991423E1A20400545D8A /* TodoItemCell.swift */ = {isa = PBXFileReference; lastKnownFileType = sourcecode.swift; path = TodoItemCell.swift; sourceTree = "<group>"; };
		D2CB991523E1A20400545D8A /* TodoItemCell.xib */ = {isa = PBXFileReference; lastKnownFileType = file.xib; path = TodoItemCell.xib; sourceTree = "<group>"; };
		D2CB991A23E1A4F400545D8A /* TodoItemModel.swift */ = {isa = PBXFileReference; lastKnownFileType = sourcecode.swift; path = TodoItemModel.swift; sourceTree = "<group>"; };
		D2CEE2B123DE0BCE00167551 /* AdvancedMVVM.app */ = {isa = PBXFileReference; explicitFileType = wrapper.application; includeInIndex = 0; path = AdvancedMVVM.app; sourceTree = BUILT_PRODUCTS_DIR; };
		D2CEE2B423DE0BCE00167551 /* AppDelegate.swift */ = {isa = PBXFileReference; lastKnownFileType = sourcecode.swift; path = AppDelegate.swift; sourceTree = "<group>"; };
		D2CEE2B623DE0BCE00167551 /* TodoViewController.swift */ = {isa = PBXFileReference; lastKnownFileType = sourcecode.swift; path = TodoViewController.swift; sourceTree = "<group>"; };
		D2CEE2B923DE0BCE00167551 /* Base */ = {isa = PBXFileReference; lastKnownFileType = file.storyboard; name = Base; path = Base.lproj/Main.storyboard; sourceTree = "<group>"; };
		D2CEE2BB23DE0BD000167551 /* Assets.xcassets */ = {isa = PBXFileReference; lastKnownFileType = folder.assetcatalog; path = Assets.xcassets; sourceTree = "<group>"; };
		D2CEE2BE23DE0BD000167551 /* Base */ = {isa = PBXFileReference; lastKnownFileType = file.storyboard; name = Base; path = Base.lproj/LaunchScreen.storyboard; sourceTree = "<group>"; };
		D2CEE2C023DE0BD000167551 /* Info.plist */ = {isa = PBXFileReference; lastKnownFileType = text.plist.xml; path = Info.plist; sourceTree = "<group>"; };
		D2CEE2C723DE102300167551 /* TodoItemViewModel.swift */ = {isa = PBXFileReference; lastKnownFileType = sourcecode.swift; path = TodoItemViewModel.swift; sourceTree = "<group>"; };
/* End PBXFileReference section */

/* Begin PBXFrameworksBuildPhase section */
		D2CEE2AE23DE0BCE00167551 /* Frameworks */ = {
			isa = PBXFrameworksBuildPhase;
			buildActionMask = 2147483647;
			files = (
			);
			runOnlyForDeploymentPostprocessing = 0;
		};
/* End PBXFrameworksBuildPhase section */

/* Begin PBXGroup section */
		D2CB991823E1A20D00545D8A /* TableCells */ = {
			isa = PBXGroup;
			children = (
				D2CB991423E1A20400545D8A /* TodoItemCell.swift */,
				D2CB991523E1A20400545D8A /* TodoItemCell.xib */,
			);
			path = TableCells;
			sourceTree = "<group>";
		};
		D2CB991923E1A4CF00545D8A /* Model */ = {
			isa = PBXGroup;
			children = (
				D2CB991A23E1A4F400545D8A /* TodoItemModel.swift */,
			);
			path = Model;
			sourceTree = "<group>";
		};
		D2CB991C23E1A81F00545D8A /* Views */ = {
			isa = PBXGroup;
			children = (
				D2CEE2B623DE0BCE00167551 /* TodoViewController.swift */,
			);
			path = Views;
			sourceTree = "<group>";
		};
		D2CEE2A823DE0BCE00167551 = {
			isa = PBXGroup;
			children = (
				D2CEE2B323DE0BCE00167551 /* TodoApp */,
				D2CEE2B223DE0BCE00167551 /* Products */,
			);
			sourceTree = "<group>";
		};
		D2CEE2B223DE0BCE00167551 /* Products */ = {
			isa = PBXGroup;
			children = (
				D2CEE2B123DE0BCE00167551 /* AdvancedMVVM.app */,
			);
			name = Products;
			sourceTree = "<group>";
		};
		D2CEE2B323DE0BCE00167551 /* TodoApp */ = {
			isa = PBXGroup;
			children = (
				D2CB991C23E1A81F00545D8A /* Views */,
				D2CB991923E1A4CF00545D8A /* Model */,
				D2CB991823E1A20D00545D8A /* TableCells */,
				D2CEE2C623DE100A00167551 /* ViewModel */,
				D2CEE2B423DE0BCE00167551 /* AppDelegate.swift */,
				D2CEE2B823DE0BCE00167551 /* Main.storyboard */,
				D2CEE2BB23DE0BD000167551 /* Assets.xcassets */,
				D2CEE2BD23DE0BD000167551 /* LaunchScreen.storyboard */,
				D2CEE2C023DE0BD000167551 /* Info.plist */,
			);
			path = TodoApp;
			sourceTree = "<group>";
		};
		D2CEE2C623DE100A00167551 /* ViewModel */ = {
			isa = PBXGroup;
			children = (
				D2CEE2C723DE102300167551 /* TodoItemViewModel.swift */,
			);
			path = ViewModel;
			sourceTree = "<group>";
		};
/* End PBXGroup section */

/* Begin PBXNativeTarget section */
		D2CEE2B023DE0BCE00167551 /* AdvancedMVVM */ = {
			isa = PBXNativeTarget;
			buildConfigurationList = D2CEE2C323DE0BD000167551 /* Build configuration list for PBXNativeTarget "AdvancedMVVM" */;
			buildPhases = (
				D2CEE2AD23DE0BCE00167551 /* Sources */,
				D2CEE2AE23DE0BCE00167551 /* Frameworks */,
				D2CEE2AF23DE0BCE00167551 /* Resources */,
			);
			buildRules = (
			);
			dependencies = (
			);
			name = AdvancedMVVM;
			productName = AdvancedMVVM;
			productReference = D2CEE2B123DE0BCE00167551 /* AdvancedMVVM.app */;
			productType = "com.apple.product-type.application";
		};
/* End PBXNativeTarget section */

/* Begin PBXProject section */
		D2CEE2A923DE0BCE00167551 /* Project object */ = {
			isa = PBXProject;
			attributes = {
				LastSwiftUpdateCheck = 1030;
				LastUpgradeCheck = 1030;
				ORGANIZATIONNAME = maurice;
				TargetAttributes = {
					D2CEE2B023DE0BCE00167551 = {
						CreatedOnToolsVersion = 10.3;
					};
				};
			};
			buildConfigurationList = D2CEE2AC23DE0BCE00167551 /* Build configuration list for PBXProject "AdvancedMVVM" */;
			compatibilityVersion = "Xcode 9.3";
			developmentRegion = en;
			hasScannedForEncodings = 0;
			knownRegions = (
				en,
				Base,
			);
			mainGroup = D2CEE2A823DE0BCE00167551;
			productRefGroup = D2CEE2B223DE0BCE00167551 /* Products */;
			projectDirPath = "";
			projectRoot = "";
			targets = (
				D2CEE2B023DE0BCE00167551 /* AdvancedMVVM */,
			);
		};
/* End PBXProject section */

/* Begin PBXResourcesBuildPhase section */
		D2CEE2AF23DE0BCE00167551 /* Resources */ = {
			isa = PBXResourcesBuildPhase;
			buildActionMask = 2147483647;
			files = (
				D2CEE2BF23DE0BD000167551 /* LaunchScreen.storyboard in Resources */,
				D2CEE2BC23DE0BD000167551 /* Assets.xcassets in Resources */,
				D2CB991723E1A20400545D8A /* TodoItemCell.xib in Resources */,
				D2CEE2BA23DE0BCE00167551 /* Main.storyboard in Resources */,
			);
			runOnlyForDeploymentPostprocessing = 0;
		};
/* End PBXResourcesBuildPhase section */

/* Begin PBXSourcesBuildPhase section */
		D2CEE2AD23DE0BCE00167551 /* Sources */ = {
			isa = PBXSourcesBuildPhase;
			buildActionMask = 2147483647;
			files = (
				D2CEE2B723DE0BCE00167551 /* TodoViewController.swift in Sources */,
				D2CEE2B523DE0BCE00167551 /* AppDelegate.swift in Sources */,
				D2CB991623E1A20400545D8A /* TodoItemCell.swift in Sources */,
				D2CEE2C823DE102300167551 /* TodoItemViewModel.swift in Sources */,
				D2CB991B23E1A4F400545D8A /* TodoItemModel.swift in Sources */,
			);
			runOnlyForDeploymentPostprocessing = 0;
		};
/* End PBXSourcesBuildPhase section */

/* Begin PBXVariantGroup section */
		D2CEE2B823DE0BCE00167551 /* Main.storyboard */ = {
			isa = PBXVariantGroup;
			children = (
				D2CEE2B923DE0BCE00167551 /* Base */,
			);
			name = Main.storyboard;
			sourceTree = "<group>";
		};
		D2CEE2BD23DE0BD000167551 /* LaunchScreen.storyboard */ = {
			isa = PBXVariantGroup;
			children = (
				D2CEE2BE23DE0BD000167551 /* Base */,
			);
			name = LaunchScreen.storyboard;
			sourceTree = "<group>";
		};
/* End PBXVariantGroup section */

/* Begin XCBuildConfiguration section */
		D2CEE2C123DE0BD000167551 /* Debug */ = {
			isa = XCBuildConfiguration;
			buildSettings = {
				ALWAYS_SEARCH_USER_PATHS = NO;
				CLANG_ANALYZER_NONNULL = YES;
				CLANG_ANALYZER_NUMBER_OBJECT_CONVERSION = YES_AGGRESSIVE;
				CLANG_CXX_LANGUAGE_STANDARD = "gnu++14";
				CLANG_CXX_LIBRARY = "libc++";
				CLANG_ENABLE_MODULES = YES;
				CLANG_ENABLE_OBJC_ARC = YES;
				CLANG_ENABLE_OBJC_WEAK = YES;
				CLANG_WARN_BLOCK_CAPTURE_AUTORELEASING = YES;
				CLANG_WARN_BOOL_CONVERSION = YES;
				CLANG_WARN_COMMA = YES;
				CLANG_WARN_CONSTANT_CONVERSION = YES;
				CLANG_WARN_DEPRECATED_OBJC_IMPLEMENTATIONS = YES;
				CLANG_WARN_DIRECT_OBJC_ISA_USAGE = YES_ERROR;
				CLANG_WARN_DOCUMENTATION_COMMENTS = YES;
				CLANG_WARN_EMPTY_BODY = YES;
				CLANG_WARN_ENUM_CONVERSION = YES;
				CLANG_WARN_INFINITE_RECURSION = YES;
				CLANG_WARN_INT_CONVERSION = YES;
				CLANG_WARN_NON_LITERAL_NULL_CONVERSION = YES;
				CLANG_WARN_OBJC_IMPLICIT_RETAIN_SELF = YES;
				CLANG_WARN_OBJC_LITERAL_CONVERSION = YES;
				CLANG_WARN_OBJC_ROOT_CLASS = YES_ERROR;
				CLANG_WARN_RANGE_LOOP_ANALYSIS = YES;
				CLANG_WARN_STRICT_PROTOTYPES = YES;
				CLANG_WARN_SUSPICIOUS_MOVE = YES;
				CLANG_WARN_UNGUARDED_AVAILABILITY = YES_AGGRESSIVE;
				CLANG_WARN_UNREACHABLE_CODE = YES;
				CLANG_WARN__DUPLICATE_METHOD_MATCH = YES;
				CODE_SIGN_IDENTITY = "iPhone Developer";
				COPY_PHASE_STRIP = NO;
				DEBUG_INFORMATION_FORMAT = dwarf;
				ENABLE_STRICT_OBJC_MSGSEND = YES;
				ENABLE_TESTABILITY = YES;
				GCC_C_LANGUAGE_STANDARD = gnu11;
				GCC_DYNAMIC_NO_PIC = NO;
				GCC_NO_COMMON_BLOCKS = YES;
				GCC_OPTIMIZATION_LEVEL = 0;
				GCC_PREPROCESSOR_DEFINITIONS = (
					"DEBUG=1",
					"$(inherited)",
				);
				GCC_WARN_64_TO_32_BIT_CONVERSION = YES;
				GCC_WARN_ABOUT_RETURN_TYPE = YES_ERROR;
				GCC_WARN_UNDECLARED_SELECTOR = YES;
				GCC_WARN_UNINITIALIZED_AUTOS = YES_AGGRESSIVE;
				GCC_WARN_UNUSED_FUNCTION = YES;
				GCC_WARN_UNUSED_VARIABLE = YES;
				IPHONEOS_DEPLOYMENT_TARGET = 12.4;
				MTL_ENABLE_DEBUG_INFO = INCLUDE_SOURCE;
				MTL_FAST_MATH = YES;
				ONLY_ACTIVE_ARCH = YES;
				SDKROOT = iphoneos;
				SWIFT_ACTIVE_COMPILATION_CONDITIONS = DEBUG;
				SWIFT_OPTIMIZATION_LEVEL = "-Onone";
			};
			name = Debug;
		};
		D2CEE2C223DE0BD000167551 /* Release */ = {
			isa = XCBuildConfiguration;
			buildSettings = {
				ALWAYS_SEARCH_USER_PATHS = NO;
				CLANG_ANALYZER_NONNULL = YES;
				CLANG_ANALYZER_NUMBER_OBJECT_CONVERSION = YES_AGGRESSIVE;
				CLANG_CXX_LANGUAGE_STANDARD = "gnu++14";
				CLANG_CXX_LIBRARY = "libc++";
				CLANG_ENABLE_MODULES = YES;
				CLANG_ENABLE_OBJC_ARC = YES;
				CLANG_ENABLE_OBJC_WEAK = YES;
				CLANG_WARN_BLOCK_CAPTURE_AUTORELEASING = YES;
				CLANG_WARN_BOOL_CONVERSION = YES;
				CLANG_WARN_COMMA = YES;
				CLANG_WARN_CONSTANT_CONVERSION = YES;
				CLANG_WARN_DEPRECATED_OBJC_IMPLEMENTATIONS = YES;
				CLANG_WARN_DIRECT_OBJC_ISA_USAGE = YES_ERROR;
				CLANG_WARN_DOCUMENTATION_COMMENTS = YES;
				CLANG_WARN_EMPTY_BODY = YES;
				CLANG_WARN_ENUM_CONVERSION = YES;
				CLANG_WARN_INFINITE_RECURSION = YES;
				CLANG_WARN_INT_CONVERSION = YES;
				CLANG_WARN_NON_LITERAL_NULL_CONVERSION = YES;
				CLANG_WARN_OBJC_IMPLICIT_RETAIN_SELF = YES;
				CLANG_WARN_OBJC_LITERAL_CONVERSION = YES;
				CLANG_WARN_OBJC_ROOT_CLASS = YES_ERROR;
				CLANG_WARN_RANGE_LOOP_ANALYSIS = YES;
				CLANG_WARN_STRICT_PROTOTYPES = YES;
				CLANG_WARN_SUSPICIOUS_MOVE = YES;
				CLANG_WARN_UNGUARDED_AVAILABILITY = YES_AGGRESSIVE;
				CLANG_WARN_UNREACHABLE_CODE = YES;
				CLANG_WARN__DUPLICATE_METHOD_MATCH = YES;
				CODE_SIGN_IDENTITY = "iPhone Developer";
				COPY_PHASE_STRIP = NO;
				DEBUG_INFORMATION_FORMAT = "dwarf-with-dsym";
				ENABLE_NS_ASSERTIONS = NO;
				ENABLE_STRICT_OBJC_MSGSEND = YES;
				GCC_C_LANGUAGE_STANDARD = gnu11;
				GCC_NO_COMMON_BLOCKS = YES;
				GCC_WARN_64_TO_32_BIT_CONVERSION = YES;
				GCC_WARN_ABOUT_RETURN_TYPE = YES_ERROR;
				GCC_WARN_UNDECLARED_SELECTOR = YES;
				GCC_WARN_UNINITIALIZED_AUTOS = YES_AGGRESSIVE;
				GCC_WARN_UNUSED_FUNCTION = YES;
				GCC_WARN_UNUSED_VARIABLE = YES;
				IPHONEOS_DEPLOYMENT_TARGET = 12.4;
				MTL_ENABLE_DEBUG_INFO = NO;
				MTL_FAST_MATH = YES;
				SDKROOT = iphoneos;
				SWIFT_COMPILATION_MODE = wholemodule;
				SWIFT_OPTIMIZATION_LEVEL = "-O";
				VALIDATE_PRODUCT = YES;
			};
			name = Release;
		};
		D2CEE2C423DE0BD000167551 /* Debug */ = {
			isa = XCBuildConfiguration;
			buildSettings = {
				ASSETCATALOG_COMPILER_APPICON_NAME = AppIcon;
				CODE_SIGN_STYLE = Automatic;
				DEVELOPMENT_TEAM = Z6VN663KVG;
				INFOPLIST_FILE = TodoApp/Info.plist;
				LD_RUNPATH_SEARCH_PATHS = (
					"$(inherited)",
					"@executable_path/Frameworks",
				);
				PRODUCT_BUNDLE_IDENTIFIER = com.mauricej.AdvancedMVVM;
				PRODUCT_NAME = "$(TARGET_NAME)";
				SWIFT_VERSION = 5.0;
				TARGETED_DEVICE_FAMILY = "1,2";
			};
			name = Debug;
		};
		D2CEE2C523DE0BD000167551 /* Release */ = {
			isa = XCBuildConfiguration;
			buildSettings = {
				ASSETCATALOG_COMPILER_APPICON_NAME = AppIcon;
				CODE_SIGN_STYLE = Automatic;
				DEVELOPMENT_TEAM = Z6VN663KVG;
				INFOPLIST_FILE = TodoApp/Info.plist;
				LD_RUNPATH_SEARCH_PATHS = (
					"$(inherited)",
					"@executable_path/Frameworks",
				);
				PRODUCT_BUNDLE_IDENTIFIER = com.mauricej.AdvancedMVVM;
				PRODUCT_NAME = "$(TARGET_NAME)";
				SWIFT_VERSION = 5.0;
				TARGETED_DEVICE_FAMILY = "1,2";
			};
			name = Release;
		};
/* End XCBuildConfiguration section */

/* Begin XCConfigurationList section */
		D2CEE2AC23DE0BCE00167551 /* Build configuration list for PBXProject "AdvancedMVVM" */ = {
			isa = XCConfigurationList;
			buildConfigurations = (
				D2CEE2C123DE0BD000167551 /* Debug */,
				D2CEE2C223DE0BD000167551 /* Release */,
			);
			defaultConfigurationIsVisible = 0;
			defaultConfigurationName = Release;
		};
		D2CEE2C323DE0BD000167551 /* Build configuration list for PBXNativeTarget "AdvancedMVVM" */ = {
			isa = XCConfigurationList;
			buildConfigurations = (
				D2CEE2C423DE0BD000167551 /* Debug */,
				D2CEE2C523DE0BD000167551 /* Release */,
			);
			defaultConfigurationIsVisible = 0;
			defaultConfigurationName = Release;
		};
/* End XCConfigurationList section */
	};
	rootObject = D2CEE2A923DE0BCE00167551 /* Project object */;
}
